{
  "name": "cf-backend",
  "lockfileVersion": 3,
  "requires": true,
  "packages": {
    "": {
      "name": "cf-backend",
      "dependencies": {
        "hono": "^4.6.12"
      },
      "devDependencies": {
        "@cloudflare/workers-types": "^4.20241112.0"
      }
    },
    "node_modules/@cloudflare/workers-types": {
      "version": "4.20250109.0",
      "resolved": "https://registry.npmjs.org/@cloudflare/workers-types/-/workers-types-4.20250109.0.tgz",
      "integrity": "sha512-Y1zgSaEOOevl9ORpzgMcm4j535p3nK2lrblHHvYM2yxR50SBKGh+wvkRFAIxWRfjUGZEU+Fp6923EGioDBbobA==",
      "dev": true,
      "license": "MIT OR Apache-2.0"
    },
    "node_modules/hono": {
      "version": "4.6.17",
      "resolved": "https://registry.npmjs.org/hono/-/hono-4.6.17.tgz",
      "integrity": "sha512-Kbh4M0so2RzLiIg6iP33DoTU68TdvP2O/kb1Hhhdwa37fazuf402ig8ZRfjkz2dqXwiWl2dAgh0f++TuKAdOtQ==",
      "license": "MIT",
      "engines": {
        "node": ">=16.9.0"
      }
    }
  }
}
